
Microsoft Visual Studio Solution File, Format Version 12.00
# Visual Studio Version 16
VisualStudioVersion = 16.0.31005.135
MinimumVisualStudioVersion = 10.0.40219.1
Project("{FAE04EC0-301F-11D3-BF4B-00C04F79EFBC}") = "WebApplicationmvs1", "WebApplicationmvs1.csproj", "{C44F84B2-9640-4B3C-99F9-68D904E45A5C}"
EndProject
Global
	GlobalSection(SolutionConfigurationPlatforms) = preSolution
		Debug|Any CPU = Debug|Any CPU
		Release|Any CPU = Release|Any CPU
	EndGlobalSection
	GlobalSection(ProjectConfigurationPlatforms) = postSolution
		{C44F84B2-9640-4B3C-99F9-68D904E45A5C}.Debug|Any CPU.ActiveCfg = Debug|Any CPU
		{C44F84B2-9640-4B3C-99F9-68D904E45A5C}.Debug|Any CPU.Build.0 = Debug|Any CPU
		{C44F84B2-9640-4B3C-99F9-68D904E45A5C}.Release|Any CPU.ActiveCfg = Release|Any CPU
		{C44F84B2-9640-4B3C-99F9-68D904E45A5C}.Release|Any CPU.Build.0 = Release|Any CPU
	EndGlobalSection
	GlobalSection(SolutionProperties) = preSolution
		HideSolutionNode = FALSE
	EndGlobalSection
	GlobalSection(ExtensibilityGlobals) = postSolution
		SolutionGuid = {6758F3C0-01BB-427D-9549-87EB906BF2BE}
	EndGlobalSection
EndGlobal
